
Microsoft Visual Studio Solution File, Format Version 12.00
# Visual Studio Version 17
VisualStudioVersion = 17.8.34112.27
MinimumVisualStudioVersion = 10.0.40219.1
Project("{9A19103F-16F7-4668-BE54-9A1E7A4F7556}") = "WebAPI2023", "WebAPI2023\WebAPI2023.csproj", "{EB97FF38-C19F-4691-950F-A3D595E1EC2A}"
EndProject
Project("{2150E333-8FDC-42A3-9474-1A3956D46DE8}") = "1-Web", "1-Web", "{4D9160FB-D847-4E0D-947C-6843B8260C1C}"
EndProject
Project("{2150E333-8FDC-42A3-9474-1A3956D46DE8}") = "2-Domain", "2-Domain", "{A6255D15-0A06-445F-9BC6-BDE7D6D83D1A}"
EndProject
Project("{FAE04EC0-301F-11D3-BF4B-00C04F79EFBC}") = "Domain", "Domain\Domain.csproj", "{7829D6D9-8ECF-4D72-A5AB-B847C6E799F2}"
EndProject
Project("{2150E333-8FDC-42A3-9474-1A3956D46DE8}") = "3-infrastructure", "3-infrastructure", "{24E3D992-574A-423E-AB48-0142FC57F8F4}"
EndProject
Project("{FAE04EC0-301F-11D3-BF4B-00C04F79EFBC}") = "infrastructure", "infrastructure\infrastructure.csproj", "{1E665EB2-25D0-4D82-BF93-9D756D691803}"
EndProject
Project("{2150E333-8FDC-42A3-9474-1A3956D46DE8}") = "Test", "Test", "{988B8E1B-CA9C-4BF3-8314-D63DC21E28F6}"
EndProject
Project("{FAE04EC0-301F-11D3-BF4B-00C04F79EFBC}") = "Test.WebAPI", "Test.WebAPI\Test.WebAPI.csproj", "{B654D523-DAA7-4ED6-9448-F6064F907C1B}"
EndProject
Global
	GlobalSection(SolutionConfigurationPlatforms) = preSolution
		Debug|Any CPU = Debug|Any CPU
		Release|Any CPU = Release|Any CPU
	EndGlobalSection
	GlobalSection(ProjectConfigurationPlatforms) = postSolution
		{EB97FF38-C19F-4691-950F-A3D595E1EC2A}.Debug|Any CPU.ActiveCfg = Debug|Any CPU
		{EB97FF38-C19F-4691-950F-A3D595E1EC2A}.Debug|Any CPU.Build.0 = Debug|Any CPU
		{EB97FF38-C19F-4691-950F-A3D595E1EC2A}.Release|Any CPU.ActiveCfg = Release|Any CPU
		{EB97FF38-C19F-4691-950F-A3D595E1EC2A}.Release|Any CPU.Build.0 = Release|Any CPU
		{7829D6D9-8ECF-4D72-A5AB-B847C6E799F2}.Debug|Any CPU.ActiveCfg = Debug|Any CPU
		{7829D6D9-8ECF-4D72-A5AB-B847C6E799F2}.Debug|Any CPU.Build.0 = Debug|Any CPU
		{7829D6D9-8ECF-4D72-A5AB-B847C6E799F2}.Release|Any CPU.ActiveCfg = Release|Any CPU
		{7829D6D9-8ECF-4D72-A5AB-B847C6E799F2}.Release|Any CPU.Build.0 = Release|Any CPU
		{1E665EB2-25D0-4D82-BF93-9D756D691803}.Debug|Any CPU.ActiveCfg = Debug|Any CPU
		{1E665EB2-25D0-4D82-BF93-9D756D691803}.Debug|Any CPU.Build.0 = Debug|Any CPU
		{1E665EB2-25D0-4D82-BF93-9D756D691803}.Release|Any CPU.ActiveCfg = Release|Any CPU
		{1E665EB2-25D0-4D82-BF93-9D756D691803}.Release|Any CPU.Build.0 = Release|Any CPU
		{B654D523-DAA7-4ED6-9448-F6064F907C1B}.Debug|Any CPU.ActiveCfg = Debug|Any CPU
		{B654D523-DAA7-4ED6-9448-F6064F907C1B}.Debug|Any CPU.Build.0 = Debug|Any CPU
		{B654D523-DAA7-4ED6-9448-F6064F907C1B}.Release|Any CPU.ActiveCfg = Release|Any CPU
		{B654D523-DAA7-4ED6-9448-F6064F907C1B}.Release|Any CPU.Build.0 = Release|Any CPU
	EndGlobalSection
	GlobalSection(SolutionProperties) = preSolution
		HideSolutionNode = FALSE
	EndGlobalSection
	GlobalSection(NestedProjects) = preSolution
		{EB97FF38-C19F-4691-950F-A3D595E1EC2A} = {4D9160FB-D847-4E0D-947C-6843B8260C1C}
		{7829D6D9-8ECF-4D72-A5AB-B847C6E799F2} = {A6255D15-0A06-445F-9BC6-BDE7D6D83D1A}
		{1E665EB2-25D0-4D82-BF93-9D756D691803} = {24E3D992-574A-423E-AB48-0142FC57F8F4}
		{B654D523-DAA7-4ED6-9448-F6064F907C1B} = {988B8E1B-CA9C-4BF3-8314-D63DC21E28F6}
	EndGlobalSection
	GlobalSection(ExtensibilityGlobals) = postSolution
		SolutionGuid = {7FEC2B66-7375-40D7-B632-6CA9D364706F}
	EndGlobalSection
EndGlobal
